// !$*UTF8*$!
{
	archiveVersion = 1;
	classes = {
	};
	objectVersion = 51;
	objects = {

/* Begin PBXBuildFile section */
		6B1755942624A7E000DA7E84 /* AppDelegate.swift in Sources */ = {isa = PBXBuildFile; fileRef = 6B1755932624A7E000DA7E84 /* AppDelegate.swift */; };
		6B17559D2624A7E300DA7E84 /* Assets.xcassets in Resources */ = {isa = PBXBuildFile; fileRef = 6B17559C2624A7E300DA7E84 /* Assets.xcassets */; };
		6B1755A02624A7E300DA7E84 /* LaunchScreen.storyboard in Resources */ = {isa = PBXBuildFile; fileRef = 6B17559E2624A7E300DA7E84 /* LaunchScreen.storyboard */; };
		843B8C2C2660C82F00E6A999 /* ProfileController.swift in Sources */ = {isa = PBXBuildFile; fileRef = 843B8C282660C82F00E6A999 /* ProfileController.swift */; };
		843B8C2D2660C82F00E6A999 /* ProfileInteractor.swift in Sources */ = {isa = PBXBuildFile; fileRef = 843B8C292660C82F00E6A999 /* ProfileInteractor.swift */; };
		843B8C2E2660C82F00E6A999 /* ProfileView.swift in Sources */ = {isa = PBXBuildFile; fileRef = 843B8C2A2660C82F00E6A999 /* ProfileView.swift */; };
		843B8C2F2660C82F00E6A999 /* ProfileView.xib in Resources */ = {isa = PBXBuildFile; fileRef = 843B8C2B2660C82F00E6A999 /* ProfileView.xib */; };
		843B8C352660C84F00E6A999 /* ServiceFactory.swift in Sources */ = {isa = PBXBuildFile; fileRef = 843B8C322660C84F00E6A999 /* ServiceFactory.swift */; };
		843B8C362660C84F00E6A999 /* ProfileServiceMock.swift in Sources */ = {isa = PBXBuildFile; fileRef = 843B8C332660C84F00E6A999 /* ProfileServiceMock.swift */; };
		843B8C372660C84F00E6A999 /* ProfileServiceProtocol.swift in Sources */ = {isa = PBXBuildFile; fileRef = 843B8C342660C84F00E6A999 /* ProfileServiceProtocol.swift */; };
		843B8C392660C8A800E6A999 /* Profile.swift in Sources */ = {isa = PBXBuildFile; fileRef = 843B8C382660C8A800E6A999 /* Profile.swift */; };
		843B8C3B2660C99B00E6A999 /* Image.swift in Sources */ = {isa = PBXBuildFile; fileRef = 843B8C3A2660C99B00E6A999 /* Image.swift */; };
		843B8C3E2660F23C00E6A999 /* TabBarController.swift in Sources */ = {isa = PBXBuildFile; fileRef = 843B8C3D2660F23C00E6A999 /* TabBarController.swift */; };
		843B8C472660F4B900E6A999 /* QuizDataSource.swift in Sources */ = {isa = PBXBuildFile; fileRef = 843B8C422660F4B900E6A999 /* QuizDataSource.swift */; };
		843B8C482660F4B900E6A999 /* QuizListController.swift in Sources */ = {isa = PBXBuildFile; fileRef = 843B8C432660F4B900E6A999 /* QuizListController.swift */; };
		843B8C492660F4B900E6A999 /* QuizListInteractor.swift in Sources */ = {isa = PBXBuildFile; fileRef = 843B8C442660F4B900E6A999 /* QuizListInteractor.swift */; };
		843B8C4A2660F4B900E6A999 /* QuizListView.swift in Sources */ = {isa = PBXBuildFile; fileRef = 843B8C452660F4B900E6A999 /* QuizListView.swift */; };
		843B8C4D2660F54800E6A999 /* Quiz.swift in Sources */ = {isa = PBXBuildFile; fileRef = 843B8C4C2660F54800E6A999 /* Quiz.swift */; };
		843B8C532660F6D000E6A999 /* QuizServiceMock.swift in Sources */ = {isa = PBXBuildFile; fileRef = 843B8C502660F6D000E6A999 /* QuizServiceMock.swift */; };
		843B8C542660F6D000E6A999 /* QuizServiceProtocol.swift in Sources */ = {isa = PBXBuildFile; fileRef = 843B8C512660F6D000E6A999 /* QuizServiceProtocol.swift */; };
		843B8C582660F87A00E6A999 /* QuizCell.swift in Sources */ = {isa = PBXBuildFile; fileRef = 843B8C562660F87A00E6A999 /* QuizCell.swift */; };
		843B8C592660F87A00E6A999 /* QuizCell.xib in Resources */ = {isa = PBXBuildFile; fileRef = 843B8C572660F87A00E6A999 /* QuizCell.xib */; };
		843B8C622660F8D400E6A999 /* NoContentCell.swift in Sources */ = {isa = PBXBuildFile; fileRef = 843B8C5C2660F8D400E6A999 /* NoContentCell.swift */; };
		843B8C632660F8D400E6A999 /* LoadingCell.swift in Sources */ = {isa = PBXBuildFile; fileRef = 843B8C5E2660F8D400E6A999 /* LoadingCell.swift */; };
		843B8C642660F8D400E6A999 /* ErrorCell.xib in Resources */ = {isa = PBXBuildFile; fileRef = 843B8C602660F8D400E6A999 /* ErrorCell.xib */; };
		843B8C652660F8D400E6A999 /* ErrorCell.swift in Sources */ = {isa = PBXBuildFile; fileRef = 843B8C612660F8D400E6A999 /* ErrorCell.swift */; };
		8471F478265F95E5007A7876 /* OnboardingController.swift in Sources */ = {isa = PBXBuildFile; fileRef = 8471F474265F95E5007A7876 /* OnboardingController.swift */; };
		8471F47A265F95E5007A7876 /* OnboardingView.swift in Sources */ = {isa = PBXBuildFile; fileRef = 8471F476265F95E5007A7876 /* OnboardingView.swift */; };
		8471F47B265F95E5007A7876 /* OnboardingView.xib in Resources */ = {isa = PBXBuildFile; fileRef = 8471F477265F95E5007A7876 /* OnboardingView.xib */; };
		8471F480265F992D007A7876 /* Localizable.strings in Resources */ = {isa = PBXBuildFile; fileRef = 8471F482265F992D007A7876 /* Localizable.strings */; };
		8471F49B265F9FAB007A7876 /* DataManager.swift in Sources */ = {isa = PBXBuildFile; fileRef = 8471F485265F9FAB007A7876 /* DataManager.swift */; };
		8471F49C265F9FAB007A7876 /* StyleUtils.swift in Sources */ = {isa = PBXBuildFile; fileRef = 8471F486265F9FAB007A7876 /* StyleUtils.swift */; };
		8471F4A2265F9FAB007A7876 /* Assets.swift in Sources */ = {isa = PBXBuildFile; fileRef = 8471F491265F9FAB007A7876 /* Assets.swift */; };
		8471F4A3265F9FAB007A7876 /* Fonts.swift in Sources */ = {isa = PBXBuildFile; fileRef = 8471F492265F9FAB007A7876 /* Fonts.swift */; };
		8471F4A4265F9FAB007A7876 /* Texts.swift in Sources */ = {isa = PBXBuildFile; fileRef = 8471F493265F9FAB007A7876 /* Texts.swift */; };
		8471F4A5265F9FAB007A7876 /* ExtensionFloat.swift in Sources */ = {isa = PBXBuildFile; fileRef = 8471F495265F9FAB007A7876 /* ExtensionFloat.swift */; };
		8471F4A7265F9FAB007A7876 /* ExtensionUIView.swift in Sources */ = {isa = PBXBuildFile; fileRef = 8471F497265F9FAB007A7876 /* ExtensionUIView.swift */; };
		8471F4A8265F9FAB007A7876 /* ExtensionUIImage.swift in Sources */ = {isa = PBXBuildFile; fileRef = 8471F498265F9FAB007A7876 /* ExtensionUIImage.swift */; };
		8471F4A9265F9FAB007A7876 /* UIView+LoadingView.swift in Sources */ = {isa = PBXBuildFile; fileRef = 8471F49A265F9FAB007A7876 /* UIView+LoadingView.swift */; };
		8471F4AB265FA03D007A7876 /* ResourcesBundle.swift in Sources */ = {isa = PBXBuildFile; fileRef = 8471F4AA265FA03D007A7876 /* ResourcesBundle.swift */; };
		8471F4AF265FA0BD007A7876 /* MDTextField.swift in Sources */ = {isa = PBXBuildFile; fileRef = 8471F4AD265FA0BD007A7876 /* MDTextField.swift */; };
		8471F4B0265FA0BD007A7876 /* MDTextArea.swift in Sources */ = {isa = PBXBuildFile; fileRef = 8471F4AE265FA0BD007A7876 /* MDTextArea.swift */; };
		8471F4B4265FB3F6007A7876 /* MDScrollView.swift in Sources */ = {isa = PBXBuildFile; fileRef = 8471F4B3265FB3F6007A7876 /* MDScrollView.swift */; };
		8471F4B9265FB685007A7876 /* SignInController.swift in Sources */ = {isa = PBXBuildFile; fileRef = 8471F4B5265FB685007A7876 /* SignInController.swift */; };
		8471F4BA265FB685007A7876 /* SignInInteractor.swift in Sources */ = {isa = PBXBuildFile; fileRef = 8471F4B6265FB685007A7876 /* SignInInteractor.swift */; };
		8471F4BB265FB685007A7876 /* SignInView.swift in Sources */ = {isa = PBXBuildFile; fileRef = 8471F4B7265FB685007A7876 /* SignInView.swift */; };
		8471F4BC265FB685007A7876 /* SignInView.xib in Resources */ = {isa = PBXBuildFile; fileRef = 8471F4B8265FB685007A7876 /* SignInView.xib */; };
		8471F4C3265FB6E5007A7876 /* AuthServiceMock.swift in Sources */ = {isa = PBXBuildFile; fileRef = 8471F4C0265FB6E5007A7876 /* AuthServiceMock.swift */; };
		8471F4C4265FB6E5007A7876 /* AuthServiceProtocol.swift in Sources */ = {isa = PBXBuildFile; fileRef = 8471F4C1265FB6E5007A7876 /* AuthServiceProtocol.swift */; };
		8471F4CA265FB789007A7876 /* AuthModels.swift in Sources */ = {isa = PBXBuildFile; fileRef = 8471F4C9265FB789007A7876 /* AuthModels.swift */; };
		8471F4CD265FF235007A7876 /* FixedBottomView.swift in Sources */ = {isa = PBXBuildFile; fileRef = 8471F4CC265FF235007A7876 /* FixedBottomView.swift */; };
		8471F4D4265FF90B007A7876 /* SignUpController.swift in Sources */ = {isa = PBXBuildFile; fileRef = 8471F4CF265FF90B007A7876 /* SignUpController.swift */; };
		8471F4D5265FF90B007A7876 /* SignUpInteractor.swift in Sources */ = {isa = PBXBuildFile; fileRef = 8471F4D0265FF90B007A7876 /* SignUpInteractor.swift */; };
		8471F4D6265FF90B007A7876 /* SignUpView.swift in Sources */ = {isa = PBXBuildFile; fileRef = 8471F4D2265FF90B007A7876 /* SignUpView.swift */; };
		8471F4D7265FF90B007A7876 /* SignUpView.xib in Resources */ = {isa = PBXBuildFile; fileRef = 8471F4D3265FF90B007A7876 /* SignUpView.xib */; };
		84C1ACCE26603C8700412B31 /* AuthApi.swift in Sources */ = {isa = PBXBuildFile; fileRef = 84C1ACCD26603C8700412B31 /* AuthApi.swift */; };
		84C1ACD026603D4F00412B31 /* AuthService.swift in Sources */ = {isa = PBXBuildFile; fileRef = 84C1ACCF26603D4F00412B31 /* AuthService.swift */; };
		84C1ACD326603DC500412B31 /* GeneralErrors.swift in Sources */ = {isa = PBXBuildFile; fileRef = 84C1ACD226603DC500412B31 /* GeneralErrors.swift */; };
		9F1CEE51664DBCBFF0663BB3 /* Pods_QuizEngine.framework in Frameworks */ = {isa = PBXBuildFile; fileRef = 297D1F10F2E6BB1D95805BF8 /* Pods_QuizEngine.framework */; };
/* End PBXBuildFile section */

/* Begin PBXFileReference section */
		297D1F10F2E6BB1D95805BF8 /* Pods_QuizEngine.framework */ = {isa = PBXFileReference; explicitFileType = wrapper.framework; includeInIndex = 0; path = Pods_QuizEngine.framework; sourceTree = BUILT_PRODUCTS_DIR; };
		31BD9BB53E62FB39655DAAD9 /* Pods-QuizEngine.debug.xcconfig */ = {isa = PBXFileReference; includeInIndex = 1; lastKnownFileType = text.xcconfig; name = "Pods-QuizEngine.debug.xcconfig"; path = "Target Support Files/Pods-QuizEngine/Pods-QuizEngine.debug.xcconfig"; sourceTree = "<group>"; };
		6B1755902624A7E000DA7E84 /* QuizEngine.app */ = {isa = PBXFileReference; explicitFileType = wrapper.application; includeInIndex = 0; path = QuizEngine.app; sourceTree = BUILT_PRODUCTS_DIR; };
		6B1755932624A7E000DA7E84 /* AppDelegate.swift */ = {isa = PBXFileReference; lastKnownFileType = sourcecode.swift; path = AppDelegate.swift; sourceTree = "<group>"; };
		6B17559C2624A7E300DA7E84 /* Assets.xcassets */ = {isa = PBXFileReference; lastKnownFileType = folder.assetcatalog; path = Assets.xcassets; sourceTree = "<group>"; };
		6B17559F2624A7E300DA7E84 /* Base */ = {isa = PBXFileReference; lastKnownFileType = file.storyboard; name = Base; path = Base.lproj/LaunchScreen.storyboard; sourceTree = "<group>"; };
		6B1755A12624A7E300DA7E84 /* Info.plist */ = {isa = PBXFileReference; lastKnownFileType = text.plist.xml; path = Info.plist; sourceTree = "<group>"; };
		843B8C282660C82F00E6A999 /* ProfileController.swift */ = {isa = PBXFileReference; lastKnownFileType = sourcecode.swift; path = ProfileController.swift; sourceTree = "<group>"; };
		843B8C292660C82F00E6A999 /* ProfileInteractor.swift */ = {isa = PBXFileReference; lastKnownFileType = sourcecode.swift; path = ProfileInteractor.swift; sourceTree = "<group>"; };
		843B8C2A2660C82F00E6A999 /* ProfileView.swift */ = {isa = PBXFileReference; lastKnownFileType = sourcecode.swift; path = ProfileView.swift; sourceTree = "<group>"; };
		843B8C2B2660C82F00E6A999 /* ProfileView.xib */ = {isa = PBXFileReference; lastKnownFileType = file.xib; path = ProfileView.xib; sourceTree = "<group>"; };
		843B8C322660C84F00E6A999 /* ServiceFactory.swift */ = {isa = PBXFileReference; lastKnownFileType = sourcecode.swift; path = ServiceFactory.swift; sourceTree = "<group>"; };
		843B8C332660C84F00E6A999 /* ProfileServiceMock.swift */ = {isa = PBXFileReference; lastKnownFileType = sourcecode.swift; path = ProfileServiceMock.swift; sourceTree = "<group>"; };
		843B8C342660C84F00E6A999 /* ProfileServiceProtocol.swift */ = {isa = PBXFileReference; lastKnownFileType = sourcecode.swift; path = ProfileServiceProtocol.swift; sourceTree = "<group>"; };
		843B8C382660C8A800E6A999 /* Profile.swift */ = {isa = PBXFileReference; lastKnownFileType = sourcecode.swift; path = Profile.swift; sourceTree = "<group>"; };
		843B8C3A2660C99B00E6A999 /* Image.swift */ = {isa = PBXFileReference; lastKnownFileType = sourcecode.swift; path = Image.swift; sourceTree = "<group>"; };
		843B8C3D2660F23C00E6A999 /* TabBarController.swift */ = {isa = PBXFileReference; lastKnownFileType = sourcecode.swift; path = TabBarController.swift; sourceTree = "<group>"; };
		843B8C422660F4B900E6A999 /* QuizDataSource.swift */ = {isa = PBXFileReference; lastKnownFileType = sourcecode.swift; path = QuizDataSource.swift; sourceTree = "<group>"; };
		843B8C432660F4B900E6A999 /* QuizListController.swift */ = {isa = PBXFileReference; lastKnownFileType = sourcecode.swift; path = QuizListController.swift; sourceTree = "<group>"; };
		843B8C442660F4B900E6A999 /* QuizListInteractor.swift */ = {isa = PBXFileReference; lastKnownFileType = sourcecode.swift; path = QuizListInteractor.swift; sourceTree = "<group>"; };
		843B8C452660F4B900E6A999 /* QuizListView.swift */ = {isa = PBXFileReference; lastKnownFileType = sourcecode.swift; path = QuizListView.swift; sourceTree = "<group>"; };
		843B8C4C2660F54800E6A999 /* Quiz.swift */ = {isa = PBXFileReference; lastKnownFileType = sourcecode.swift; path = Quiz.swift; sourceTree = "<group>"; };
		843B8C502660F6D000E6A999 /* QuizServiceMock.swift */ = {isa = PBXFileReference; lastKnownFileType = sourcecode.swift; path = QuizServiceMock.swift; sourceTree = "<group>"; };
		843B8C512660F6D000E6A999 /* QuizServiceProtocol.swift */ = {isa = PBXFileReference; lastKnownFileType = sourcecode.swift; path = QuizServiceProtocol.swift; sourceTree = "<group>"; };
		843B8C562660F87A00E6A999 /* QuizCell.swift */ = {isa = PBXFileReference; lastKnownFileType = sourcecode.swift; path = QuizCell.swift; sourceTree = "<group>"; };
		843B8C572660F87A00E6A999 /* QuizCell.xib */ = {isa = PBXFileReference; lastKnownFileType = file.xib; path = QuizCell.xib; sourceTree = "<group>"; };
		843B8C5C2660F8D400E6A999 /* NoContentCell.swift */ = {isa = PBXFileReference; fileEncoding = 4; lastKnownFileType = sourcecode.swift; path = NoContentCell.swift; sourceTree = "<group>"; };
		843B8C5E2660F8D400E6A999 /* LoadingCell.swift */ = {isa = PBXFileReference; fileEncoding = 4; lastKnownFileType = sourcecode.swift; path = LoadingCell.swift; sourceTree = "<group>"; };
		843B8C602660F8D400E6A999 /* ErrorCell.xib */ = {isa = PBXFileReference; fileEncoding = 4; lastKnownFileType = file.xib; path = ErrorCell.xib; sourceTree = "<group>"; };
		843B8C612660F8D400E6A999 /* ErrorCell.swift */ = {isa = PBXFileReference; fileEncoding = 4; lastKnownFileType = sourcecode.swift; path = ErrorCell.swift; sourceTree = "<group>"; };
		8471F474265F95E5007A7876 /* OnboardingController.swift */ = {isa = PBXFileReference; lastKnownFileType = sourcecode.swift; path = OnboardingController.swift; sourceTree = "<group>"; };
		8471F476265F95E5007A7876 /* OnboardingView.swift */ = {isa = PBXFileReference; lastKnownFileType = sourcecode.swift; path = OnboardingView.swift; sourceTree = "<group>"; };
		8471F477265F95E5007A7876 /* OnboardingView.xib */ = {isa = PBXFileReference; lastKnownFileType = file.xib; path = OnboardingView.xib; sourceTree = "<group>"; };
		8471F481265F992D007A7876 /* en */ = {isa = PBXFileReference; lastKnownFileType = text.plist.strings; name = en; path = en.lproj/Localizable.strings; sourceTree = "<group>"; };
		8471F483265F9959007A7876 /* ru */ = {isa = PBXFileReference; lastKnownFileType = text.plist.strings; name = ru; path = ru.lproj/Localizable.strings; sourceTree = "<group>"; };
		8471F485265F9FAB007A7876 /* DataManager.swift */ = {isa = PBXFileReference; fileEncoding = 4; lastKnownFileType = sourcecode.swift; path = DataManager.swift; sourceTree = "<group>"; };
		8471F486265F9FAB007A7876 /* StyleUtils.swift */ = {isa = PBXFileReference; fileEncoding = 4; lastKnownFileType = sourcecode.swift; path = StyleUtils.swift; sourceTree = "<group>"; };
		8471F491265F9FAB007A7876 /* Assets.swift */ = {isa = PBXFileReference; fileEncoding = 4; lastKnownFileType = sourcecode.swift; path = Assets.swift; sourceTree = "<group>"; };
		8471F492265F9FAB007A7876 /* Fonts.swift */ = {isa = PBXFileReference; fileEncoding = 4; lastKnownFileType = sourcecode.swift; path = Fonts.swift; sourceTree = "<group>"; };
		8471F493265F9FAB007A7876 /* Texts.swift */ = {isa = PBXFileReference; fileEncoding = 4; lastKnownFileType = sourcecode.swift; path = Texts.swift; sourceTree = "<group>"; };
		8471F495265F9FAB007A7876 /* ExtensionFloat.swift */ = {isa = PBXFileReference; fileEncoding = 4; lastKnownFileType = sourcecode.swift; path = ExtensionFloat.swift; sourceTree = "<group>"; };
		8471F497265F9FAB007A7876 /* ExtensionUIView.swift */ = {isa = PBXFileReference; fileEncoding = 4; lastKnownFileType = sourcecode.swift; path = ExtensionUIView.swift; sourceTree = "<group>"; };
		8471F498265F9FAB007A7876 /* ExtensionUIImage.swift */ = {isa = PBXFileReference; fileEncoding = 4; lastKnownFileType = sourcecode.swift; path = ExtensionUIImage.swift; sourceTree = "<group>"; };
		8471F49A265F9FAB007A7876 /* UIView+LoadingView.swift */ = {isa = PBXFileReference; fileEncoding = 4; lastKnownFileType = sourcecode.swift; path = "UIView+LoadingView.swift"; sourceTree = "<group>"; };
		8471F4AA265FA03D007A7876 /* ResourcesBundle.swift */ = {isa = PBXFileReference; lastKnownFileType = sourcecode.swift; path = ResourcesBundle.swift; sourceTree = "<group>"; };
		8471F4AD265FA0BD007A7876 /* MDTextField.swift */ = {isa = PBXFileReference; fileEncoding = 4; lastKnownFileType = sourcecode.swift; path = MDTextField.swift; sourceTree = "<group>"; };
		8471F4AE265FA0BD007A7876 /* MDTextArea.swift */ = {isa = PBXFileReference; fileEncoding = 4; lastKnownFileType = sourcecode.swift; path = MDTextArea.swift; sourceTree = "<group>"; };
		8471F4B3265FB3F6007A7876 /* MDScrollView.swift */ = {isa = PBXFileReference; fileEncoding = 4; lastKnownFileType = sourcecode.swift; path = MDScrollView.swift; sourceTree = "<group>"; };
		8471F4B5265FB685007A7876 /* SignInController.swift */ = {isa = PBXFileReference; lastKnownFileType = sourcecode.swift; path = SignInController.swift; sourceTree = "<group>"; };
		8471F4B6265FB685007A7876 /* SignInInteractor.swift */ = {isa = PBXFileReference; lastKnownFileType = sourcecode.swift; path = SignInInteractor.swift; sourceTree = "<group>"; };
		8471F4B7265FB685007A7876 /* SignInView.swift */ = {isa = PBXFileReference; lastKnownFileType = sourcecode.swift; path = SignInView.swift; sourceTree = "<group>"; };
		8471F4B8265FB685007A7876 /* SignInView.xib */ = {isa = PBXFileReference; lastKnownFileType = file.xib; path = SignInView.xib; sourceTree = "<group>"; };
		8471F4C0265FB6E5007A7876 /* AuthServiceMock.swift */ = {isa = PBXFileReference; lastKnownFileType = sourcecode.swift; path = AuthServiceMock.swift; sourceTree = "<group>"; };
		8471F4C1265FB6E5007A7876 /* AuthServiceProtocol.swift */ = {isa = PBXFileReference; lastKnownFileType = sourcecode.swift; path = AuthServiceProtocol.swift; sourceTree = "<group>"; };
		8471F4C9265FB789007A7876 /* AuthModels.swift */ = {isa = PBXFileReference; lastKnownFileType = sourcecode.swift; path = AuthModels.swift; sourceTree = "<group>"; };
		8471F4CC265FF235007A7876 /* FixedBottomView.swift */ = {isa = PBXFileReference; fileEncoding = 4; lastKnownFileType = sourcecode.swift; path = FixedBottomView.swift; sourceTree = "<group>"; };
		8471F4CF265FF90B007A7876 /* SignUpController.swift */ = {isa = PBXFileReference; fileEncoding = 4; lastKnownFileType = sourcecode.swift; path = SignUpController.swift; sourceTree = "<group>"; };
		8471F4D0265FF90B007A7876 /* SignUpInteractor.swift */ = {isa = PBXFileReference; fileEncoding = 4; lastKnownFileType = sourcecode.swift; path = SignUpInteractor.swift; sourceTree = "<group>"; };
		8471F4D2265FF90B007A7876 /* SignUpView.swift */ = {isa = PBXFileReference; fileEncoding = 4; lastKnownFileType = sourcecode.swift; path = SignUpView.swift; sourceTree = "<group>"; };
		8471F4D3265FF90B007A7876 /* SignUpView.xib */ = {isa = PBXFileReference; fileEncoding = 4; lastKnownFileType = file.xib; path = SignUpView.xib; sourceTree = "<group>"; };
		84C1ACCD26603C8700412B31 /* AuthApi.swift */ = {isa = PBXFileReference; lastKnownFileType = sourcecode.swift; path = AuthApi.swift; sourceTree = "<group>"; };
		84C1ACCF26603D4F00412B31 /* AuthService.swift */ = {isa = PBXFileReference; lastKnownFileType = sourcecode.swift; path = AuthService.swift; sourceTree = "<group>"; };
		84C1ACD226603DC500412B31 /* GeneralErrors.swift */ = {isa = PBXFileReference; fileEncoding = 4; lastKnownFileType = sourcecode.swift; path = GeneralErrors.swift; sourceTree = "<group>"; };
		BDAEF4AAC22F56F1A80725AC /* Pods-QuizEngine.release.xcconfig */ = {isa = PBXFileReference; includeInIndex = 1; lastKnownFileType = text.xcconfig; name = "Pods-QuizEngine.release.xcconfig"; path = "Target Support Files/Pods-QuizEngine/Pods-QuizEngine.release.xcconfig"; sourceTree = "<group>"; };
/* End PBXFileReference section */

/* Begin PBXFrameworksBuildPhase section */
		6B17558D2624A7E000DA7E84 /* Frameworks */ = {
			isa = PBXFrameworksBuildPhase;
			buildActionMask = 2147483647;
			files = (
				9F1CEE51664DBCBFF0663BB3 /* Pods_QuizEngine.framework in Frameworks */,
			);
			runOnlyForDeploymentPostprocessing = 0;
		};
/* End PBXFrameworksBuildPhase section */

/* Begin PBXGroup section */
		66366EAB1C891271BB9BB30F /* Frameworks */ = {
			isa = PBXGroup;
			children = (
				297D1F10F2E6BB1D95805BF8 /* Pods_QuizEngine.framework */,
			);
			name = Frameworks;
			sourceTree = "<group>";
		};
		6B1755872624A7E000DA7E84 = {
			isa = PBXGroup;
			children = (
				6B1755922624A7E000DA7E84 /* QuizEngine */,
				6B1755912624A7E000DA7E84 /* Products */,
				92ED8E02F8BCD69A96E6B040 /* Pods */,
				66366EAB1C891271BB9BB30F /* Frameworks */,
			);
			sourceTree = "<group>";
		};
		6B1755912624A7E000DA7E84 /* Products */ = {
			isa = PBXGroup;
			children = (
				6B1755902624A7E000DA7E84 /* QuizEngine.app */,
			);
			name = Products;
			sourceTree = "<group>";
		};
		6B1755922624A7E000DA7E84 /* QuizEngine */ = {
			isa = PBXGroup;
			children = (
				6B1755AA2624A85500DA7E84 /* MainFiles */,
				8471F4BE265FB696007A7876 /* Services */,
				6B1755AC2624A9BD00DA7E84 /* Modules */,
				8471F47D265F9747007A7876 /* Shared */,
				6B1755AB2624A9B100DA7E84 /* Resources */,
			);
			path = QuizEngine;
			sourceTree = "<group>";
		};
		6B1755AA2624A85500DA7E84 /* MainFiles */ = {
			isa = PBXGroup;
			children = (
				6B1755932624A7E000DA7E84 /* AppDelegate.swift */,
				6B1755A12624A7E300DA7E84 /* Info.plist */,
			);
			path = MainFiles;
			sourceTree = "<group>";
		};
		6B1755AB2624A9B100DA7E84 /* Resources */ = {
			isa = PBXGroup;
			children = (
				6B17559C2624A7E300DA7E84 /* Assets.xcassets */,
				6B17559E2624A7E300DA7E84 /* LaunchScreen.storyboard */,
				8471F482265F992D007A7876 /* Localizable.strings */,
			);
			path = Resources;
			sourceTree = "<group>";
		};
		6B1755AC2624A9BD00DA7E84 /* Modules */ = {
			isa = PBXGroup;
			children = (
				843B8C3C2660F22D00E6A999 /* TabBar */,
				843B8C3F2660F47A00E6A999 /* Quiz */,
				84C1ACD42660C67500412B31 /* Auth */,
				84C1ACD52660C68800412B31 /* Profile */,
			);
			path = Modules;
			sourceTree = "<group>";
		};
		6B1755AD2624A9C400DA7E84 /* Onboarding */ = {
			isa = PBXGroup;
			children = (
				8471F474265F95E5007A7876 /* OnboardingController.swift */,
				8471F47C265F95EC007A7876 /* View */,
			);
			path = Onboarding;
			sourceTree = "<group>";
		};
		843B8C272660C80D00E6A999 /* Profile */ = {
			isa = PBXGroup;
			children = (
				843B8C282660C82F00E6A999 /* ProfileController.swift */,
				843B8C292660C82F00E6A999 /* ProfileInteractor.swift */,
				843B8C302660C83200E6A999 /* View */,
			);
			path = Profile;
			sourceTree = "<group>";
		};
		843B8C302660C83200E6A999 /* View */ = {
			isa = PBXGroup;
			children = (
				843B8C2A2660C82F00E6A999 /* ProfileView.swift */,
				843B8C2B2660C82F00E6A999 /* ProfileView.xib */,
			);
			path = View;
			sourceTree = "<group>";
		};
		843B8C312660C84100E6A999 /* Profile */ = {
			isa = PBXGroup;
			children = (
				843B8C332660C84F00E6A999 /* ProfileServiceMock.swift */,
				843B8C342660C84F00E6A999 /* ProfileServiceProtocol.swift */,
			);
			path = Profile;
			sourceTree = "<group>";
		};
		843B8C3C2660F22D00E6A999 /* TabBar */ = {
			isa = PBXGroup;
			children = (
				843B8C3D2660F23C00E6A999 /* TabBarController.swift */,
			);
			path = TabBar;
			sourceTree = "<group>";
		};
		843B8C3F2660F47A00E6A999 /* Quiz */ = {
			isa = PBXGroup;
			children = (
				843B8C402660F48300E6A999 /* QuizList */,
			);
			path = Quiz;
			sourceTree = "<group>";
		};
		843B8C402660F48300E6A999 /* QuizList */ = {
			isa = PBXGroup;
			children = (
				843B8C432660F4B900E6A999 /* QuizListController.swift */,
				843B8C442660F4B900E6A999 /* QuizListInteractor.swift */,
				843B8C4B2660F4C200E6A999 /* View */,
			);
			path = QuizList;
			sourceTree = "<group>";
		};
		843B8C4B2660F4C200E6A999 /* View */ = {
			isa = PBXGroup;
			children = (
				843B8C422660F4B900E6A999 /* QuizDataSource.swift */,
				843B8C452660F4B900E6A999 /* QuizListView.swift */,
				843B8C552660F86B00E6A999 /* QuizCell */,
			);
			path = View;
			sourceTree = "<group>";
		};
		843B8C4E2660F6C000E6A999 /* Quiz */ = {
			isa = PBXGroup;
			children = (
				843B8C502660F6D000E6A999 /* QuizServiceMock.swift */,
				843B8C512660F6D000E6A999 /* QuizServiceProtocol.swift */,
			);
			path = Quiz;
			sourceTree = "<group>";
		};
		843B8C552660F86B00E6A999 /* QuizCell */ = {
			isa = PBXGroup;
			children = (
				843B8C562660F87A00E6A999 /* QuizCell.swift */,
				843B8C572660F87A00E6A999 /* QuizCell.xib */,
			);
			path = QuizCell;
			sourceTree = "<group>";
		};
		843B8C5A2660F8D400E6A999 /* Cell */ = {
			isa = PBXGroup;
			children = (
				843B8C5B2660F8D400E6A999 /* NoContentCell */,
				843B8C5D2660F8D400E6A999 /* LoadingCell */,
				843B8C5F2660F8D400E6A999 /* ErrorCell */,
			);
			path = Cell;
			sourceTree = "<group>";
		};
		843B8C5B2660F8D400E6A999 /* NoContentCell */ = {
			isa = PBXGroup;
			children = (
				843B8C5C2660F8D400E6A999 /* NoContentCell.swift */,
			);
			path = NoContentCell;
			sourceTree = "<group>";
		};
		843B8C5D2660F8D400E6A999 /* LoadingCell */ = {
			isa = PBXGroup;
			children = (
				843B8C5E2660F8D400E6A999 /* LoadingCell.swift */,
			);
			path = LoadingCell;
			sourceTree = "<group>";
		};
		843B8C5F2660F8D400E6A999 /* ErrorCell */ = {
			isa = PBXGroup;
			children = (
				843B8C602660F8D400E6A999 /* ErrorCell.xib */,
				843B8C612660F8D400E6A999 /* ErrorCell.swift */,
			);
			path = ErrorCell;
			sourceTree = "<group>";
		};
		8471F47C265F95EC007A7876 /* View */ = {
			isa = PBXGroup;
			children = (
				8471F476265F95E5007A7876 /* OnboardingView.swift */,
				8471F477265F95E5007A7876 /* OnboardingView.xib */,
			);
			path = View;
			sourceTree = "<group>";
		};
		8471F47D265F9747007A7876 /* Shared */ = {
			isa = PBXGroup;
			children = (
				8471F4AA265FA03D007A7876 /* ResourcesBundle.swift */,
				8471F484265F9FAB007A7876 /* Classes */,
				8471F494265F9FAB007A7876 /* Extensions */,
				8471F490265F9FAB007A7876 /* Generated */,
				8471F487265F9FAB007A7876 /* Molecules */,
			);
			path = Shared;
			sourceTree = "<group>";
		};
		8471F484265F9FAB007A7876 /* Classes */ = {
			isa = PBXGroup;
			children = (
				8471F485265F9FAB007A7876 /* DataManager.swift */,
				8471F486265F9FAB007A7876 /* StyleUtils.swift */,
			);
			path = Classes;
			sourceTree = "<group>";
		};
		8471F487265F9FAB007A7876 /* Molecules */ = {
			isa = PBXGroup;
			children = (
				843B8C5A2660F8D400E6A999 /* Cell */,
				8471F4CB265FF235007A7876 /* FixedBottomView */,
				8471F4B2265FB3F6007A7876 /* MDScrollView */,
				8471F4AC265FA0BD007A7876 /* MDTextField */,
			);
			path = Molecules;
			sourceTree = "<group>";
		};
		8471F490265F9FAB007A7876 /* Generated */ = {
			isa = PBXGroup;
			children = (
				8471F491265F9FAB007A7876 /* Assets.swift */,
				8471F492265F9FAB007A7876 /* Fonts.swift */,
				8471F493265F9FAB007A7876 /* Texts.swift */,
			);
			path = Generated;
			sourceTree = "<group>";
		};
		8471F494265F9FAB007A7876 /* Extensions */ = {
			isa = PBXGroup;
			children = (
				8471F495265F9FAB007A7876 /* ExtensionFloat.swift */,
				8471F497265F9FAB007A7876 /* ExtensionUIView.swift */,
				8471F498265F9FAB007A7876 /* ExtensionUIImage.swift */,
				8471F499265F9FAB007A7876 /* UIView+LoadingView */,
			);
			path = Extensions;
			sourceTree = "<group>";
		};
		8471F499265F9FAB007A7876 /* UIView+LoadingView */ = {
			isa = PBXGroup;
			children = (
				8471F49A265F9FAB007A7876 /* UIView+LoadingView.swift */,
			);
			path = "UIView+LoadingView";
			sourceTree = "<group>";
		};
		8471F4AC265FA0BD007A7876 /* MDTextField */ = {
			isa = PBXGroup;
			children = (
				8471F4AD265FA0BD007A7876 /* MDTextField.swift */,
				8471F4AE265FA0BD007A7876 /* MDTextArea.swift */,
			);
			path = MDTextField;
			sourceTree = "<group>";
		};
		8471F4B1265FB2B7007A7876 /* SignIn */ = {
			isa = PBXGroup;
			children = (
				8471F4B5265FB685007A7876 /* SignInController.swift */,
				8471F4B6265FB685007A7876 /* SignInInteractor.swift */,
				8471F4BD265FB689007A7876 /* View */,
			);
			path = SignIn;
			sourceTree = "<group>";
		};
		8471F4B2265FB3F6007A7876 /* MDScrollView */ = {
			isa = PBXGroup;
			children = (
				8471F4B3265FB3F6007A7876 /* MDScrollView.swift */,
			);
			path = MDScrollView;
			sourceTree = "<group>";
		};
		8471F4BD265FB689007A7876 /* View */ = {
			isa = PBXGroup;
			children = (
				8471F4B7265FB685007A7876 /* SignInView.swift */,
				8471F4B8265FB685007A7876 /* SignInView.xib */,
			);
			path = View;
			sourceTree = "<group>";
		};
		8471F4BE265FB696007A7876 /* Services */ = {
			isa = PBXGroup;
			children = (
				843B8C322660C84F00E6A999 /* ServiceFactory.swift */,
				84C1ACD126603DA200412B31 /* Model */,
				8471F4C5265FB703007A7876 /* Auth */,
				843B8C312660C84100E6A999 /* Profile */,
				843B8C4E2660F6C000E6A999 /* Quiz */,
			);
			path = Services;
			sourceTree = "<group>";
		};
		8471F4C5265FB703007A7876 /* Auth */ = {
			isa = PBXGroup;
			children = (
				84C1ACCD26603C8700412B31 /* AuthApi.swift */,
				84C1ACCF26603D4F00412B31 /* AuthService.swift */,
				8471F4C0265FB6E5007A7876 /* AuthServiceMock.swift */,
				8471F4C1265FB6E5007A7876 /* AuthServiceProtocol.swift */,
			);
			path = Auth;
			sourceTree = "<group>";
		};
		8471F4CB265FF235007A7876 /* FixedBottomView */ = {
			isa = PBXGroup;
			children = (
				8471F4CC265FF235007A7876 /* FixedBottomView.swift */,
			);
			path = FixedBottomView;
			sourceTree = "<group>";
		};
		8471F4CE265FF90B007A7876 /* SignUp */ = {
			isa = PBXGroup;
			children = (
				8471F4CF265FF90B007A7876 /* SignUpController.swift */,
				8471F4D0265FF90B007A7876 /* SignUpInteractor.swift */,
				8471F4D1265FF90B007A7876 /* View */,
			);
			path = SignUp;
			sourceTree = "<group>";
		};
		8471F4D1265FF90B007A7876 /* View */ = {
			isa = PBXGroup;
			children = (
				8471F4D2265FF90B007A7876 /* SignUpView.swift */,
				8471F4D3265FF90B007A7876 /* SignUpView.xib */,
			);
			path = View;
			sourceTree = "<group>";
		};
		84C1ACD126603DA200412B31 /* Model */ = {
			isa = PBXGroup;
			children = (
				84C1ACD226603DC500412B31 /* GeneralErrors.swift */,
				8471F4C9265FB789007A7876 /* AuthModels.swift */,
				843B8C382660C8A800E6A999 /* Profile.swift */,
				843B8C3A2660C99B00E6A999 /* Image.swift */,
				843B8C4C2660F54800E6A999 /* Quiz.swift */,
			);
			path = Model;
			sourceTree = "<group>";
		};
		84C1ACD42660C67500412B31 /* Auth */ = {
			isa = PBXGroup;
			children = (
				8471F4CE265FF90B007A7876 /* SignUp */,
				8471F4B1265FB2B7007A7876 /* SignIn */,
				6B1755AD2624A9C400DA7E84 /* Onboarding */,
			);
			path = Auth;
			sourceTree = "<group>";
		};
		84C1ACD52660C68800412B31 /* Profile */ = {
			isa = PBXGroup;
			children = (
				843B8C272660C80D00E6A999 /* Profile */,
			);
			path = Profile;
			sourceTree = "<group>";
		};
		92ED8E02F8BCD69A96E6B040 /* Pods */ = {
			isa = PBXGroup;
			children = (
				31BD9BB53E62FB39655DAAD9 /* Pods-QuizEngine.debug.xcconfig */,
				BDAEF4AAC22F56F1A80725AC /* Pods-QuizEngine.release.xcconfig */,
			);
			path = Pods;
			sourceTree = "<group>";
		};
/* End PBXGroup section */

/* Begin PBXNativeTarget section */
		6B17558F2624A7E000DA7E84 /* QuizEngine */ = {
			isa = PBXNativeTarget;
			buildConfigurationList = 6B1755A42624A7E300DA7E84 /* Build configuration list for PBXNativeTarget "QuizEngine" */;
			buildPhases = (
				CA8DD46036450DA11FFDD443 /* [CP] Check Pods Manifest.lock */,
				84CA803F265F78D7001F95F3 /* Swiftformat */,
				84CA8040265F78E5001F95F3 /* Swiftlint */,
				6B17558C2624A7E000DA7E84 /* Sources */,
				6B17558D2624A7E000DA7E84 /* Frameworks */,
				6B17558E2624A7E000DA7E84 /* Resources */,
				F1CF0286B59F6BA5F4E17EF3 /* [CP] Embed Pods Frameworks */,
			);
			buildRules = (
			);
			dependencies = (
			);
			name = QuizEngine;
			productName = QuizEngine;
			productReference = 6B1755902624A7E000DA7E84 /* QuizEngine.app */;
			productType = "com.apple.product-type.application";
		};
/* End PBXNativeTarget section */

/* Begin PBXProject section */
		6B1755882624A7E000DA7E84 /* Project object */ = {
			isa = PBXProject;
			attributes = {
				LastSwiftUpdateCheck = 1230;
				LastUpgradeCheck = 1230;
				TargetAttributes = {
					6B17558F2624A7E000DA7E84 = {
						CreatedOnToolsVersion = 12.3;
					};
				};
			};
			buildConfigurationList = 6B17558B2624A7E000DA7E84 /* Build configuration list for PBXProject "QuizEngine" */;
			compatibilityVersion = "Xcode 9.3";
			developmentRegion = en;
			hasScannedForEncodings = 0;
			knownRegions = (
				en,
				Base,
				ru,
			);
			mainGroup = 6B1755872624A7E000DA7E84;
			productRefGroup = 6B1755912624A7E000DA7E84 /* Products */;
			projectDirPath = "";
			projectRoot = "";
			targets = (
				6B17558F2624A7E000DA7E84 /* QuizEngine */,
			);
		};
/* End PBXProject section */

/* Begin PBXResourcesBuildPhase section */
		6B17558E2624A7E000DA7E84 /* Resources */ = {
			isa = PBXResourcesBuildPhase;
			buildActionMask = 2147483647;
			files = (
				8471F4D7265FF90B007A7876 /* SignUpView.xib in Resources */,
				6B1755A02624A7E300DA7E84 /* LaunchScreen.storyboard in Resources */,
				843B8C2F2660C82F00E6A999 /* ProfileView.xib in Resources */,
				8471F480265F992D007A7876 /* Localizable.strings in Resources */,
				6B17559D2624A7E300DA7E84 /* Assets.xcassets in Resources */,
				8471F47B265F95E5007A7876 /* OnboardingView.xib in Resources */,
				843B8C592660F87A00E6A999 /* QuizCell.xib in Resources */,
				843B8C642660F8D400E6A999 /* ErrorCell.xib in Resources */,
				8471F4BC265FB685007A7876 /* SignInView.xib in Resources */,
			);
			runOnlyForDeploymentPostprocessing = 0;
		};
/* End PBXResourcesBuildPhase section */

/* Begin PBXShellScriptBuildPhase section */
		84CA803F265F78D7001F95F3 /* Swiftformat */ = {
			isa = PBXShellScriptBuildPhase;
			buildActionMask = 2147483647;
			files = (
			);
			inputFileListPaths = (
			);
			inputPaths = (
			);
			name = Swiftformat;
			outputFileListPaths = (
			);
			outputPaths = (
			);
			runOnlyForDeploymentPostprocessing = 0;
			shellPath = /bin/sh;
			shellScript = "if which swiftformat >/dev/null; then\nswiftformat .\nelse\necho \"warning: SwiftFormat not installed, download from https://github.com/nicklockwood/SwiftFormat\"\nfi\n";
		};
		84CA8040265F78E5001F95F3 /* Swiftlint */ = {
			isa = PBXShellScriptBuildPhase;
			buildActionMask = 2147483647;
			files = (
			);
			inputFileListPaths = (
			);
			inputPaths = (
			);
			name = Swiftlint;
			outputFileListPaths = (
			);
			outputPaths = (
			);
			runOnlyForDeploymentPostprocessing = 0;
			shellPath = /bin/sh;
			shellScript = "if which swiftlint >/dev/null; then\nswiftlint\nelse\necho \"warning: SwiftLint not installed, download from https://github.com/realm/SwiftLint\"\nfi\n";
		};
		CA8DD46036450DA11FFDD443 /* [CP] Check Pods Manifest.lock */ = {
			isa = PBXShellScriptBuildPhase;
			buildActionMask = 2147483647;
			files = (
			);
			inputFileListPaths = (
			);
			inputPaths = (
				"${PODS_PODFILE_DIR_PATH}/Podfile.lock",
				"${PODS_ROOT}/Manifest.lock",
			);
			name = "[CP] Check Pods Manifest.lock";
			outputFileListPaths = (
			);
			outputPaths = (
				"$(DERIVED_FILE_DIR)/Pods-QuizEngine-checkManifestLockResult.txt",
			);
			runOnlyForDeploymentPostprocessing = 0;
			shellPath = /bin/sh;
			shellScript = "diff \"${PODS_PODFILE_DIR_PATH}/Podfile.lock\" \"${PODS_ROOT}/Manifest.lock\" > /dev/null\nif [ $? != 0 ] ; then\n    # print error to STDERR\n    echo \"error: The sandbox is not in sync with the Podfile.lock. Run 'pod install' or update your CocoaPods installation.\" >&2\n    exit 1\nfi\n# This output is used by Xcode 'outputs' to avoid re-running this script phase.\necho \"SUCCESS\" > \"${SCRIPT_OUTPUT_FILE_0}\"\n";
			showEnvVarsInLog = 0;
		};
		F1CF0286B59F6BA5F4E17EF3 /* [CP] Embed Pods Frameworks */ = {
			isa = PBXShellScriptBuildPhase;
			buildActionMask = 2147483647;
			files = (
			);
			inputFileListPaths = (
				"${PODS_ROOT}/Target Support Files/Pods-QuizEngine/Pods-QuizEngine-frameworks-${CONFIGURATION}-input-files.xcfilelist",
			);
			name = "[CP] Embed Pods Frameworks";
			outputFileListPaths = (
				"${PODS_ROOT}/Target Support Files/Pods-QuizEngine/Pods-QuizEngine-frameworks-${CONFIGURATION}-output-files.xcfilelist",
			);
			runOnlyForDeploymentPostprocessing = 0;
			shellPath = /bin/sh;
			shellScript = "\"${PODS_ROOT}/Target Support Files/Pods-QuizEngine/Pods-QuizEngine-frameworks.sh\"\n";
			showEnvVarsInLog = 0;
		};
/* End PBXShellScriptBuildPhase section */

/* Begin PBXSourcesBuildPhase section */
		6B17558C2624A7E000DA7E84 /* Sources */ = {
			isa = PBXSourcesBuildPhase;
			buildActionMask = 2147483647;
			files = (
				8471F4D5265FF90B007A7876 /* SignUpInteractor.swift in Sources */,
				8471F4D4265FF90B007A7876 /* SignUpController.swift in Sources */,
				843B8C532660F6D000E6A999 /* QuizServiceMock.swift in Sources */,
				843B8C352660C84F00E6A999 /* ServiceFactory.swift in Sources */,
				8471F4CD265FF235007A7876 /* FixedBottomView.swift in Sources */,
				8471F4C3265FB6E5007A7876 /* AuthServiceMock.swift in Sources */,
				8471F4CA265FB789007A7876 /* AuthModels.swift in Sources */,
				843B8C4A2660F4B900E6A999 /* QuizListView.swift in Sources */,
				843B8C472660F4B900E6A999 /* QuizDataSource.swift in Sources */,
				8471F49C265F9FAB007A7876 /* StyleUtils.swift in Sources */,
				843B8C372660C84F00E6A999 /* ProfileServiceProtocol.swift in Sources */,
				843B8C2C2660C82F00E6A999 /* ProfileController.swift in Sources */,
				8471F4A5265F9FAB007A7876 /* ExtensionFloat.swift in Sources */,
				8471F478265F95E5007A7876 /* OnboardingController.swift in Sources */,
				843B8C492660F4B900E6A999 /* QuizListInteractor.swift in Sources */,
				8471F4AF265FA0BD007A7876 /* MDTextField.swift in Sources */,
				8471F4AB265FA03D007A7876 /* ResourcesBundle.swift in Sources */,
				8471F4A9265F9FAB007A7876 /* UIView+LoadingView.swift in Sources */,
				843B8C4D2660F54800E6A999 /* Quiz.swift in Sources */,
				843B8C542660F6D000E6A999 /* QuizServiceProtocol.swift in Sources */,
				84C1ACD026603D4F00412B31 /* AuthService.swift in Sources */,
				843B8C392660C8A800E6A999 /* Profile.swift in Sources */,
				8471F49B265F9FAB007A7876 /* DataManager.swift in Sources */,
				84C1ACCE26603C8700412B31 /* AuthApi.swift in Sources */,
				8471F4B9265FB685007A7876 /* SignInController.swift in Sources */,
				8471F4BA265FB685007A7876 /* SignInInteractor.swift in Sources */,
				8471F47A265F95E5007A7876 /* OnboardingView.swift in Sources */,
				8471F4BB265FB685007A7876 /* SignInView.swift in Sources */,
				8471F4D6265FF90B007A7876 /* SignUpView.swift in Sources */,
				84C1ACD326603DC500412B31 /* GeneralErrors.swift in Sources */,
				843B8C362660C84F00E6A999 /* ProfileServiceMock.swift in Sources */,
				8471F4B4265FB3F6007A7876 /* MDScrollView.swift in Sources */,
				8471F4C4265FB6E5007A7876 /* AuthServiceProtocol.swift in Sources */,
				8471F4A4265F9FAB007A7876 /* Texts.swift in Sources */,
				8471F4B0265FA0BD007A7876 /* MDTextArea.swift in Sources */,
				843B8C482660F4B900E6A999 /* QuizListController.swift in Sources */,
				843B8C582660F87A00E6A999 /* QuizCell.swift in Sources */,
				843B8C652660F8D400E6A999 /* ErrorCell.swift in Sources */,
				843B8C3E2660F23C00E6A999 /* TabBarController.swift in Sources */,
				8471F4A7265F9FAB007A7876 /* ExtensionUIView.swift in Sources */,
				8471F4A3265F9FAB007A7876 /* Fonts.swift in Sources */,
				843B8C622660F8D400E6A999 /* NoContentCell.swift in Sources */,
				843B8C3B2660C99B00E6A999 /* Image.swift in Sources */,
				843B8C632660F8D400E6A999 /* LoadingCell.swift in Sources */,
				8471F4A2265F9FAB007A7876 /* Assets.swift in Sources */,
				6B1755942624A7E000DA7E84 /* AppDelegate.swift in Sources */,
				843B8C2D2660C82F00E6A999 /* ProfileInteractor.swift in Sources */,
				843B8C2E2660C82F00E6A999 /* ProfileView.swift in Sources */,
				8471F4A8265F9FAB007A7876 /* ExtensionUIImage.swift in Sources */,
			);
			runOnlyForDeploymentPostprocessing = 0;
		};
/* End PBXSourcesBuildPhase section */

/* Begin PBXVariantGroup section */
		6B17559E2624A7E300DA7E84 /* LaunchScreen.storyboard */ = {
			isa = PBXVariantGroup;
			children = (
				6B17559F2624A7E300DA7E84 /* Base */,
			);
			name = LaunchScreen.storyboard;
			sourceTree = "<group>";
		};
		8471F482265F992D007A7876 /* Localizable.strings */ = {
			isa = PBXVariantGroup;
			children = (
				8471F481265F992D007A7876 /* en */,
				8471F483265F9959007A7876 /* ru */,
			);
			name = Localizable.strings;
			sourceTree = "<group>";
		};
/* End PBXVariantGroup section */

/* Begin XCBuildConfiguration section */
		6B1755A22624A7E300DA7E84 /* Debug */ = {
			isa = XCBuildConfiguration;
			buildSettings = {
				ALWAYS_SEARCH_USER_PATHS = NO;
				CLANG_ANALYZER_LOCALIZABILITY_NONLOCALIZED = YES;
				CLANG_ANALYZER_NONNULL = YES;
				CLANG_ANALYZER_NUMBER_OBJECT_CONVERSION = YES_AGGRESSIVE;
				CLANG_CXX_LANGUAGE_STANDARD = "gnu++14";
				CLANG_CXX_LIBRARY = "libc++";
				CLANG_ENABLE_MODULES = YES;
				CLANG_ENABLE_OBJC_ARC = YES;
				CLANG_ENABLE_OBJC_WEAK = YES;
				CLANG_WARN_BLOCK_CAPTURE_AUTORELEASING = YES;
				CLANG_WARN_BOOL_CONVERSION = YES;
				CLANG_WARN_COMMA = YES;
				CLANG_WARN_CONSTANT_CONVERSION = YES;
				CLANG_WARN_DEPRECATED_OBJC_IMPLEMENTATIONS = YES;
				CLANG_WARN_DIRECT_OBJC_ISA_USAGE = YES_ERROR;
				CLANG_WARN_DOCUMENTATION_COMMENTS = YES;
				CLANG_WARN_EMPTY_BODY = YES;
				CLANG_WARN_ENUM_CONVERSION = YES;
				CLANG_WARN_INFINITE_RECURSION = YES;
				CLANG_WARN_INT_CONVERSION = YES;
				CLANG_WARN_NON_LITERAL_NULL_CONVERSION = YES;
				CLANG_WARN_OBJC_IMPLICIT_RETAIN_SELF = YES;
				CLANG_WARN_OBJC_LITERAL_CONVERSION = YES;
				CLANG_WARN_OBJC_ROOT_CLASS = YES_ERROR;
				CLANG_WARN_QUOTED_INCLUDE_IN_FRAMEWORK_HEADER = YES;
				CLANG_WARN_RANGE_LOOP_ANALYSIS = YES;
				CLANG_WARN_STRICT_PROTOTYPES = YES;
				CLANG_WARN_SUSPICIOUS_MOVE = YES;
				CLANG_WARN_UNGUARDED_AVAILABILITY = YES_AGGRESSIVE;
				CLANG_WARN_UNREACHABLE_CODE = YES;
				CLANG_WARN__DUPLICATE_METHOD_MATCH = YES;
				COPY_PHASE_STRIP = NO;
				DEBUG_INFORMATION_FORMAT = dwarf;
				ENABLE_STRICT_OBJC_MSGSEND = YES;
				ENABLE_TESTABILITY = YES;
				GCC_C_LANGUAGE_STANDARD = gnu11;
				GCC_DYNAMIC_NO_PIC = NO;
				GCC_NO_COMMON_BLOCKS = YES;
				GCC_OPTIMIZATION_LEVEL = 0;
				GCC_PREPROCESSOR_DEFINITIONS = (
					"DEBUG=1",
					"$(inherited)",
				);
				GCC_WARN_64_TO_32_BIT_CONVERSION = YES;
				GCC_WARN_ABOUT_RETURN_TYPE = YES_ERROR;
				GCC_WARN_UNDECLARED_SELECTOR = YES;
				GCC_WARN_UNINITIALIZED_AUTOS = YES_AGGRESSIVE;
				GCC_WARN_UNUSED_FUNCTION = YES;
				GCC_WARN_UNUSED_VARIABLE = YES;
				IPHONEOS_DEPLOYMENT_TARGET = 14.3;
				MTL_ENABLE_DEBUG_INFO = INCLUDE_SOURCE;
				MTL_FAST_MATH = YES;
				ONLY_ACTIVE_ARCH = YES;
				SDKROOT = iphoneos;
				SWIFT_ACTIVE_COMPILATION_CONDITIONS = DEBUG;
				SWIFT_OPTIMIZATION_LEVEL = "-Onone";
			};
			name = Debug;
		};
		6B1755A32624A7E300DA7E84 /* Release */ = {
			isa = XCBuildConfiguration;
			buildSettings = {
				ALWAYS_SEARCH_USER_PATHS = NO;
				CLANG_ANALYZER_LOCALIZABILITY_NONLOCALIZED = YES;
				CLANG_ANALYZER_NONNULL = YES;
				CLANG_ANALYZER_NUMBER_OBJECT_CONVERSION = YES_AGGRESSIVE;
				CLANG_CXX_LANGUAGE_STANDARD = "gnu++14";
				CLANG_CXX_LIBRARY = "libc++";
				CLANG_ENABLE_MODULES = YES;
				CLANG_ENABLE_OBJC_ARC = YES;
				CLANG_ENABLE_OBJC_WEAK = YES;
				CLANG_WARN_BLOCK_CAPTURE_AUTORELEASING = YES;
				CLANG_WARN_BOOL_CONVERSION = YES;
				CLANG_WARN_COMMA = YES;
				CLANG_WARN_CONSTANT_CONVERSION = YES;
				CLANG_WARN_DEPRECATED_OBJC_IMPLEMENTATIONS = YES;
				CLANG_WARN_DIRECT_OBJC_ISA_USAGE = YES_ERROR;
				CLANG_WARN_DOCUMENTATION_COMMENTS = YES;
				CLANG_WARN_EMPTY_BODY = YES;
				CLANG_WARN_ENUM_CONVERSION = YES;
				CLANG_WARN_INFINITE_RECURSION = YES;
				CLANG_WARN_INT_CONVERSION = YES;
				CLANG_WARN_NON_LITERAL_NULL_CONVERSION = YES;
				CLANG_WARN_OBJC_IMPLICIT_RETAIN_SELF = YES;
				CLANG_WARN_OBJC_LITERAL_CONVERSION = YES;
				CLANG_WARN_OBJC_ROOT_CLASS = YES_ERROR;
				CLANG_WARN_QUOTED_INCLUDE_IN_FRAMEWORK_HEADER = YES;
				CLANG_WARN_RANGE_LOOP_ANALYSIS = YES;
				CLANG_WARN_STRICT_PROTOTYPES = YES;
				CLANG_WARN_SUSPICIOUS_MOVE = YES;
				CLANG_WARN_UNGUARDED_AVAILABILITY = YES_AGGRESSIVE;
				CLANG_WARN_UNREACHABLE_CODE = YES;
				CLANG_WARN__DUPLICATE_METHOD_MATCH = YES;
				COPY_PHASE_STRIP = NO;
				DEBUG_INFORMATION_FORMAT = "dwarf-with-dsym";
				ENABLE_NS_ASSERTIONS = NO;
				ENABLE_STRICT_OBJC_MSGSEND = YES;
				GCC_C_LANGUAGE_STANDARD = gnu11;
				GCC_NO_COMMON_BLOCKS = YES;
				GCC_WARN_64_TO_32_BIT_CONVERSION = YES;
				GCC_WARN_ABOUT_RETURN_TYPE = YES_ERROR;
				GCC_WARN_UNDECLARED_SELECTOR = YES;
				GCC_WARN_UNINITIALIZED_AUTOS = YES_AGGRESSIVE;
				GCC_WARN_UNUSED_FUNCTION = YES;
				GCC_WARN_UNUSED_VARIABLE = YES;
				IPHONEOS_DEPLOYMENT_TARGET = 14.3;
				MTL_ENABLE_DEBUG_INFO = NO;
				MTL_FAST_MATH = YES;
				SDKROOT = iphoneos;
				SWIFT_COMPILATION_MODE = wholemodule;
				SWIFT_OPTIMIZATION_LEVEL = "-O";
				VALIDATE_PRODUCT = YES;
			};
			name = Release;
		};
		6B1755A52624A7E300DA7E84 /* Debug */ = {
			isa = XCBuildConfiguration;
			baseConfigurationReference = 31BD9BB53E62FB39655DAAD9 /* Pods-QuizEngine.debug.xcconfig */;
			buildSettings = {
				ASSETCATALOG_COMPILER_APPICON_NAME = AppIcon;
				ASSETCATALOG_COMPILER_GLOBAL_ACCENT_COLOR_NAME = AccentColor;
				CODE_SIGN_STYLE = Automatic;
				DEVELOPMENT_TEAM = NXAGVF2MTG;
				INFOPLIST_FILE = "$(SRCROOT)/QuizEngine/MainFiles/Info.plist";
				IPHONEOS_DEPLOYMENT_TARGET = 11.0;
				LD_RUNPATH_SEARCH_PATHS = (
					"$(inherited)",
					"@executable_path/Frameworks",
				);
				PRODUCT_BUNDLE_IDENTIFIER = ru.kpfu.QuizEngine;
				PRODUCT_NAME = "$(TARGET_NAME)";
				SWIFT_VERSION = 5.0;
				TARGETED_DEVICE_FAMILY = "1,2";
			};
			name = Debug;
		};
		6B1755A62624A7E300DA7E84 /* Release */ = {
			isa = XCBuildConfiguration;
			baseConfigurationReference = BDAEF4AAC22F56F1A80725AC /* Pods-QuizEngine.release.xcconfig */;
			buildSettings = {
				ASSETCATALOG_COMPILER_APPICON_NAME = AppIcon;
				ASSETCATALOG_COMPILER_GLOBAL_ACCENT_COLOR_NAME = AccentColor;
				CODE_SIGN_STYLE = Automatic;
				DEVELOPMENT_TEAM = NXAGVF2MTG;
				INFOPLIST_FILE = "$(SRCROOT)/QuizEngine/MainFiles/Info.plist";
				IPHONEOS_DEPLOYMENT_TARGET = 11.0;
				LD_RUNPATH_SEARCH_PATHS = (
					"$(inherited)",
					"@executable_path/Frameworks",
				);
				PRODUCT_BUNDLE_IDENTIFIER = ru.kpfu.QuizEngine;
				PRODUCT_NAME = "$(TARGET_NAME)";
				SWIFT_VERSION = 5.0;
				TARGETED_DEVICE_FAMILY = "1,2";
			};
			name = Release;
		};
/* End XCBuildConfiguration section */

/* Begin XCConfigurationList section */
		6B17558B2624A7E000DA7E84 /* Build configuration list for PBXProject "QuizEngine" */ = {
			isa = XCConfigurationList;
			buildConfigurations = (
				6B1755A22624A7E300DA7E84 /* Debug */,
				6B1755A32624A7E300DA7E84 /* Release */,
			);
			defaultConfigurationIsVisible = 0;
			defaultConfigurationName = Release;
		};
		6B1755A42624A7E300DA7E84 /* Build configuration list for PBXNativeTarget "QuizEngine" */ = {
			isa = XCConfigurationList;
			buildConfigurations = (
				6B1755A52624A7E300DA7E84 /* Debug */,
				6B1755A62624A7E300DA7E84 /* Release */,
			);
			defaultConfigurationIsVisible = 0;
			defaultConfigurationName = Release;
		};
/* End XCConfigurationList section */
	};
	rootObject = 6B1755882624A7E000DA7E84 /* Project object */;
}
